// !$*UTF8*$!
{
	archiveVersion = 1;
	classes = {
	};
	objectVersion = 56;
	objects = {

/* Begin PBXBuildFile section */
		1E024EE128DB12480096C43E /* iOSTakeHomeProjectApp.swift in Sources */ = {isa = PBXBuildFile; fileRef = 1E024EE028DB12480096C43E /* iOSTakeHomeProjectApp.swift */; };
		1E024EE528DB12480096C43E /* Assets.xcassets in Resources */ = {isa = PBXBuildFile; fileRef = 1E024EE428DB12480096C43E /* Assets.xcassets */; };
		1E024EE828DB12480096C43E /* Preview Assets.xcassets in Resources */ = {isa = PBXBuildFile; fileRef = 1E024EE728DB12480096C43E /* Preview Assets.xcassets */; };
		1E024EF028DB12BA0096C43E /* Symbols.swift in Sources */ = {isa = PBXBuildFile; fileRef = 1E024EEF28DB12BA0096C43E /* Symbols.swift */; };
		1E024EF228DB14480096C43E /* Theme.swift in Sources */ = {isa = PBXBuildFile; fileRef = 1E024EF128DB14480096C43E /* Theme.swift */; };
		1E024F0628DB32CA0096C43E /* UsersStaticData.json in Resources */ = {isa = PBXBuildFile; fileRef = 1E024F0528DB32CA0096C43E /* UsersStaticData.json */; };
		1E024F0828DB33050096C43E /* SingleUserData.json in Resources */ = {isa = PBXBuildFile; fileRef = 1E024F0728DB33050096C43E /* SingleUserData.json */; };
		1E024F0A28DB33D20096C43E /* UserDetailResponse.swift in Sources */ = {isa = PBXBuildFile; fileRef = 1E024F0928DB33D20096C43E /* UserDetailResponse.swift */; };
		1E024F0C28DB34160096C43E /* UsersResponse.swift in Sources */ = {isa = PBXBuildFile; fileRef = 1E024F0B28DB34160096C43E /* UsersResponse.swift */; };
		1E024F0F28DB348F0096C43E /* Models.swift in Sources */ = {isa = PBXBuildFile; fileRef = 1E024F0E28DB348F0096C43E /* Models.swift */; };
		1E024F1228DB34CA0096C43E /* StaticJSONMapper.swift in Sources */ = {isa = PBXBuildFile; fileRef = 1E024F1128DB34CA0096C43E /* StaticJSONMapper.swift */; };
		1E024F1428DB38690096C43E /* PeopleView.swift in Sources */ = {isa = PBXBuildFile; fileRef = 1E024F1328DB38690096C43E /* PeopleView.swift */; };
		1E024F1628DB3E9C0096C43E /* PersonItemView.swift in Sources */ = {isa = PBXBuildFile; fileRef = 1E024F1528DB3E9C0096C43E /* PersonItemView.swift */; };
		1E024F1928DB3F700096C43E /* PillView.swift in Sources */ = {isa = PBXBuildFile; fileRef = 1E024F1828DB3F700096C43E /* PillView.swift */; };
		1E024F1B28DB43A10096C43E /* DetailView.swift in Sources */ = {isa = PBXBuildFile; fileRef = 1E024F1A28DB43A10096C43E /* DetailView.swift */; };
		1E024F1D28DB71950096C43E /* CreateView.swift in Sources */ = {isa = PBXBuildFile; fileRef = 1E024F1C28DB71950096C43E /* CreateView.swift */; };
		1E024F2028DB75DB0096C43E /* NetworkingManager.swift in Sources */ = {isa = PBXBuildFile; fileRef = 1E024F1F28DB75DB0096C43E /* NetworkingManager.swift */; };
		1E024F2228DB7C330096C43E /* PeopleViewModel.swift in Sources */ = {isa = PBXBuildFile; fileRef = 1E024F2128DB7C330096C43E /* PeopleViewModel.swift */; };
		1E024F2428DB81170096C43E /* DetailViewModel.swift in Sources */ = {isa = PBXBuildFile; fileRef = 1E024F2328DB81170096C43E /* DetailViewModel.swift */; };
		1E024F2628DB85140096C43E /* NewPerson.swift in Sources */ = {isa = PBXBuildFile; fileRef = 1E024F2528DB85140096C43E /* NewPerson.swift */; };
		1E024F2828DB85810096C43E /* CreateViewModel.swift in Sources */ = {isa = PBXBuildFile; fileRef = 1E024F2728DB85810096C43E /* CreateViewModel.swift */; };
		1E35AC9C28DC6AA0005F935A /* CheckmarkPopoverView.swift in Sources */ = {isa = PBXBuildFile; fileRef = 1E35AC9B28DC6AA0005F935A /* CheckmarkPopoverView.swift */; };
		1E35AC9F28DC6DA0005F935A /* CreateValidator.swift in Sources */ = {isa = PBXBuildFile; fileRef = 1E35AC9E28DC6DA0005F935A /* CreateValidator.swift */; };
		1E35ACA228DC78DA005F935A /* HapticManager.swift in Sources */ = {isa = PBXBuildFile; fileRef = 1E35ACA128DC78DA005F935A /* HapticManager.swift */; };
		1E35ACA428DC7A48005F935A /* SettingsView.swift in Sources */ = {isa = PBXBuildFile; fileRef = 1E35ACA328DC7A48005F935A /* SettingsView.swift */; };
		1E35ACA728DC7B3B005F935A /* UserDefaultKeys.swift in Sources */ = {isa = PBXBuildFile; fileRef = 1E35ACA628DC7B3B005F935A /* UserDefaultKeys.swift */; };
		1E35ACA928DC7CE9005F935A /* Endpoint.swift in Sources */ = {isa = PBXBuildFile; fileRef = 1E35ACA828DC7CE9005F935A /* Endpoint.swift */; };
		1E35ACB928DCAB0C005F935A /* JSONMapperTests.swift in Sources */ = {isa = PBXBuildFile; fileRef = 1E35ACB828DCAB0C005F935A /* JSONMapperTests.swift */; };
		1E35ACBC28DCC48D005F935A /* CreateFormValidatorTests.swift in Sources */ = {isa = PBXBuildFile; fileRef = 1E35ACBB28DCC48D005F935A /* CreateFormValidatorTests.swift */; };
		1E35ACC028DCD544005F935A /* NetworkingEndpointTest.swift in Sources */ = {isa = PBXBuildFile; fileRef = 1E35ACBF28DCD544005F935A /* NetworkingEndpointTest.swift */; };
		1E35ACC628DCDB8D005F935A /* NetworkingManagerTests.swift in Sources */ = {isa = PBXBuildFile; fileRef = 1E35ACC528DCDB8D005F935A /* NetworkingManagerTests.swift */; };
		1E35ACC928DDC51B005F935A /* PeopleViewModelSuccessTests.swift in Sources */ = {isa = PBXBuildFile; fileRef = 1E35ACC828DDC51B005F935A /* PeopleViewModelSuccessTests.swift */; };
		1E35ACCD28DDCBE5005F935A /* PeopleViewModelFailureTests.swift in Sources */ = {isa = PBXBuildFile; fileRef = 1E35ACCC28DDCBE5005F935A /* PeopleViewModelFailureTests.swift */; };
		1E35ACD828DDCFA8005F935A /* DetailsViewModelSuccessTests.swift in Sources */ = {isa = PBXBuildFile; fileRef = 1E35ACD728DDCFA8005F935A /* DetailsViewModelSuccessTests.swift */; };
		1E35ACDA28DDD287005F935A /* DetailsViewModelFailureTests.swift in Sources */ = {isa = PBXBuildFile; fileRef = 1E35ACD928DDD287005F935A /* DetailsViewModelFailureTests.swift */; };
		1E35ACE328DDD79E005F935A /* CreateViewModelSuccessTests.swift in Sources */ = {isa = PBXBuildFile; fileRef = 1E35ACE228DDD79E005F935A /* CreateViewModelSuccessTests.swift */; };
		1E35ACE728DDD943005F935A /* CreateViewModelValidationFailureTests.swift in Sources */ = {isa = PBXBuildFile; fileRef = 1E35ACE628DDD943005F935A /* CreateViewModelValidationFailureTests.swift */; };
		1E35ACEB28DDDB6F005F935A /* CreateViewModelFailureTests.swift in Sources */ = {isa = PBXBuildFile; fileRef = 1E35ACEA28DDDB6F005F935A /* CreateViewModelFailureTests.swift */; };
		1E35ACFC28DDDF30005F935A /* PeopleScreenUITests.swift in Sources */ = {isa = PBXBuildFile; fileRef = 1E35ACFB28DDDF30005F935A /* PeopleScreenUITests.swift */; };
		1E35ACFF28DDE10B005F935A /* UITestingHelper.swift in Sources */ = {isa = PBXBuildFile; fileRef = 1E35ACFE28DDE10B005F935A /* UITestingHelper.swift */; };
		1E35AD0428DDE4E1005F935A /* MockURLSessionProtocol.swift in Sources */ = {isa = PBXBuildFile; fileRef = 1E35ACC228DCD9FA005F935A /* MockURLSessionProtocol.swift */; };
		1E35AD0528DDE570005F935A /* NetworkingManagerUserResponseSuccessMock.swift in Sources */ = {isa = PBXBuildFile; fileRef = 1E35ACCA28DDC575005F935A /* NetworkingManagerUserResponseSuccessMock.swift */; };
		1E35AD0628DDE574005F935A /* NetworkingManagerUserResponseFailureMock.swift in Sources */ = {isa = PBXBuildFile; fileRef = 1E35ACCE28DDCC0A005F935A /* NetworkingManagerUserResponseFailureMock.swift */; };
		1E35AD0728DDE57F005F935A /* NetworkingManagerUserDetailsResponseSuccessMock.swift in Sources */ = {isa = PBXBuildFile; fileRef = 1E35ACD228DDCEF6005F935A /* NetworkingManagerUserDetailsResponseSuccessMock.swift */; };
		1E35AD0828DDE584005F935A /* NetworkingManagerUserDetailsResponseFailureMock.swift in Sources */ = {isa = PBXBuildFile; fileRef = 1E35ACD428DDCF53005F935A /* NetworkingManagerUserDetailsResponseFailureMock.swift */; };
		1E35AD0928DDE58A005F935A /* CreateValidatorFailureMock.swift in Sources */ = {isa = PBXBuildFile; fileRef = 1E35ACE428DDD901005F935A /* CreateValidatorFailureMock.swift */; };
		1E35AD0A28DDE58F005F935A /* CreateValidatorSuccessMock.swift in Sources */ = {isa = PBXBuildFile; fileRef = 1E35ACE028DDD752005F935A /* CreateValidatorSuccessMock.swift */; };
		1E35AD0B28DDE594005F935A /* NetworkingManagerCreateSuccessMock.swift in Sources */ = {isa = PBXBuildFile; fileRef = 1E35ACDC28DDD6A5005F935A /* NetworkingManagerCreateSuccessMock.swift */; };
		1E35AD0C28DDE59A005F935A /* NetworkingManagerCreateFailureMock.swift in Sources */ = {isa = PBXBuildFile; fileRef = 1E35ACE828DDDB40005F935A /* NetworkingManagerCreateFailureMock.swift */; };
		1E4F2C0628E0DB9D009352F8 /* DetailsUITests.swift in Sources */ = {isa = PBXBuildFile; fileRef = 1E4F2C0528E0DB9D009352F8 /* DetailsUITests.swift */; };
		1E7C35F128DDEF83009918EB /* PeopleFailureUITests.swift in Sources */ = {isa = PBXBuildFile; fileRef = 1E7C35F028DDEF83009918EB /* PeopleFailureUITests.swift */; };
		1EF66E4A28E1AFC900158D1E /* DetailsFailureUITests.swift in Sources */ = {isa = PBXBuildFile; fileRef = 1EF66E4928E1AFC900158D1E /* DetailsFailureUITests.swift */; };
		1EF66E4D28E1B24E00158D1E /* CreateScreenUIValidTests.swift in Sources */ = {isa = PBXBuildFile; fileRef = 1EF66E4C28E1B24E00158D1E /* CreateScreenUIValidTests.swift */; };
		1EF66E4F28E1B48F00158D1E /* CreateScreenFormValidationTests.swift in Sources */ = {isa = PBXBuildFile; fileRef = 1EF66E4E28E1B48F00158D1E /* CreateScreenFormValidationTests.swift */; };
		1EF66E5128E1BA6600158D1E /* CreateFailureUITests.swift in Sources */ = {isa = PBXBuildFile; fileRef = 1EF66E5028E1BA6600158D1E /* CreateFailureUITests.swift */; };
		1EF66E5328E1BCB600158D1E /* CreateScreenUITests.swift in Sources */ = {isa = PBXBuildFile; fileRef = 1EF66E5228E1BCB600158D1E /* CreateScreenUITests.swift */; };
/* End PBXBuildFile section */

/* Begin PBXContainerItemProxy section */
		1E35ACB228DCAAD7005F935A /* PBXContainerItemProxy */ = {
			isa = PBXContainerItemProxy;
			containerPortal = 1E024ED528DB12470096C43E /* Project object */;
			proxyType = 1;
			remoteGlobalIDString = 1E024EDC28DB12480096C43E;
			remoteInfo = iOSTakeHomeProject;
		};
		1E35ACF628DDDE94005F935A /* PBXContainerItemProxy */ = {
			isa = PBXContainerItemProxy;
			containerPortal = 1E024ED528DB12470096C43E /* Project object */;
			proxyType = 1;
			remoteGlobalIDString = 1E024EDC28DB12480096C43E;
			remoteInfo = iOSTakeHomeProject;
		};
/* End PBXContainerItemProxy section */

/* Begin PBXFileReference section */
		1E024EDD28DB12480096C43E /* iOSTakeHomeProject.app */ = {isa = PBXFileReference; explicitFileType = wrapper.application; includeInIndex = 0; path = iOSTakeHomeProject.app; sourceTree = BUILT_PRODUCTS_DIR; };
		1E024EE028DB12480096C43E /* iOSTakeHomeProjectApp.swift */ = {isa = PBXFileReference; lastKnownFileType = sourcecode.swift; path = iOSTakeHomeProjectApp.swift; sourceTree = "<group>"; };
		1E024EE428DB12480096C43E /* Assets.xcassets */ = {isa = PBXFileReference; lastKnownFileType = folder.assetcatalog; path = Assets.xcassets; sourceTree = "<group>"; };
		1E024EE728DB12480096C43E /* Preview Assets.xcassets */ = {isa = PBXFileReference; lastKnownFileType = folder.assetcatalog; path = "Preview Assets.xcassets"; sourceTree = "<group>"; };
		1E024EEF28DB12BA0096C43E /* Symbols.swift */ = {isa = PBXFileReference; lastKnownFileType = sourcecode.swift; path = Symbols.swift; sourceTree = "<group>"; };
		1E024EF128DB14480096C43E /* Theme.swift */ = {isa = PBXFileReference; lastKnownFileType = sourcecode.swift; path = Theme.swift; sourceTree = "<group>"; };
		1E024F0328DB18290096C43E /* Info.plist */ = {isa = PBXFileReference; lastKnownFileType = text.plist; path = Info.plist; sourceTree = "<group>"; };
		1E024F0528DB32CA0096C43E /* UsersStaticData.json */ = {isa = PBXFileReference; lastKnownFileType = text.json; path = UsersStaticData.json; sourceTree = "<group>"; };
		1E024F0728DB33050096C43E /* SingleUserData.json */ = {isa = PBXFileReference; lastKnownFileType = text.json; path = SingleUserData.json; sourceTree = "<group>"; };
		1E024F0928DB33D20096C43E /* UserDetailResponse.swift */ = {isa = PBXFileReference; lastKnownFileType = sourcecode.swift; path = UserDetailResponse.swift; sourceTree = "<group>"; };
		1E024F0B28DB34160096C43E /* UsersResponse.swift */ = {isa = PBXFileReference; lastKnownFileType = sourcecode.swift; path = UsersResponse.swift; sourceTree = "<group>"; };
		1E024F0E28DB348F0096C43E /* Models.swift */ = {isa = PBXFileReference; lastKnownFileType = sourcecode.swift; path = Models.swift; sourceTree = "<group>"; };
		1E024F1128DB34CA0096C43E /* StaticJSONMapper.swift */ = {isa = PBXFileReference; lastKnownFileType = sourcecode.swift; path = StaticJSONMapper.swift; sourceTree = "<group>"; };
		1E024F1328DB38690096C43E /* PeopleView.swift */ = {isa = PBXFileReference; lastKnownFileType = sourcecode.swift; path = PeopleView.swift; sourceTree = "<group>"; };
		1E024F1528DB3E9C0096C43E /* PersonItemView.swift */ = {isa = PBXFileReference; lastKnownFileType = sourcecode.swift; path = PersonItemView.swift; sourceTree = "<group>"; };
		1E024F1828DB3F700096C43E /* PillView.swift */ = {isa = PBXFileReference; lastKnownFileType = sourcecode.swift; path = PillView.swift; sourceTree = "<group>"; };
		1E024F1A28DB43A10096C43E /* DetailView.swift */ = {isa = PBXFileReference; lastKnownFileType = sourcecode.swift; path = DetailView.swift; sourceTree = "<group>"; };
		1E024F1C28DB71950096C43E /* CreateView.swift */ = {isa = PBXFileReference; lastKnownFileType = sourcecode.swift; path = CreateView.swift; sourceTree = "<group>"; };
		1E024F1F28DB75DB0096C43E /* NetworkingManager.swift */ = {isa = PBXFileReference; lastKnownFileType = sourcecode.swift; path = NetworkingManager.swift; sourceTree = "<group>"; };
		1E024F2128DB7C330096C43E /* PeopleViewModel.swift */ = {isa = PBXFileReference; lastKnownFileType = sourcecode.swift; path = PeopleViewModel.swift; sourceTree = "<group>"; };
		1E024F2328DB81170096C43E /* DetailViewModel.swift */ = {isa = PBXFileReference; lastKnownFileType = sourcecode.swift; path = DetailViewModel.swift; sourceTree = "<group>"; };
		1E024F2528DB85140096C43E /* NewPerson.swift */ = {isa = PBXFileReference; lastKnownFileType = sourcecode.swift; path = NewPerson.swift; sourceTree = "<group>"; };
		1E024F2728DB85810096C43E /* CreateViewModel.swift */ = {isa = PBXFileReference; lastKnownFileType = sourcecode.swift; path = CreateViewModel.swift; sourceTree = "<group>"; };
		1E35AC9B28DC6AA0005F935A /* CheckmarkPopoverView.swift */ = {isa = PBXFileReference; lastKnownFileType = sourcecode.swift; path = CheckmarkPopoverView.swift; sourceTree = "<group>"; };
		1E35AC9E28DC6DA0005F935A /* CreateValidator.swift */ = {isa = PBXFileReference; lastKnownFileType = sourcecode.swift; path = CreateValidator.swift; sourceTree = "<group>"; };
		1E35ACA128DC78DA005F935A /* HapticManager.swift */ = {isa = PBXFileReference; lastKnownFileType = sourcecode.swift; path = HapticManager.swift; sourceTree = "<group>"; };
		1E35ACA328DC7A48005F935A /* SettingsView.swift */ = {isa = PBXFileReference; lastKnownFileType = sourcecode.swift; path = SettingsView.swift; sourceTree = "<group>"; };
		1E35ACA628DC7B3B005F935A /* UserDefaultKeys.swift */ = {isa = PBXFileReference; lastKnownFileType = sourcecode.swift; path = UserDefaultKeys.swift; sourceTree = "<group>"; };
		1E35ACA828DC7CE9005F935A /* Endpoint.swift */ = {isa = PBXFileReference; lastKnownFileType = sourcecode.swift; path = Endpoint.swift; sourceTree = "<group>"; };
		1E35ACAE28DCAAD7005F935A /* iOSTakeHomeProjectTests.xctest */ = {isa = PBXFileReference; explicitFileType = wrapper.cfbundle; includeInIndex = 0; path = iOSTakeHomeProjectTests.xctest; sourceTree = BUILT_PRODUCTS_DIR; };
		1E35ACB828DCAB0C005F935A /* JSONMapperTests.swift */ = {isa = PBXFileReference; lastKnownFileType = sourcecode.swift; path = JSONMapperTests.swift; sourceTree = "<group>"; };
		1E35ACBB28DCC48D005F935A /* CreateFormValidatorTests.swift */ = {isa = PBXFileReference; lastKnownFileType = sourcecode.swift; path = CreateFormValidatorTests.swift; sourceTree = "<group>"; };
		1E35ACBF28DCD544005F935A /* NetworkingEndpointTest.swift */ = {isa = PBXFileReference; lastKnownFileType = sourcecode.swift; path = NetworkingEndpointTest.swift; sourceTree = "<group>"; };
		1E35ACC228DCD9FA005F935A /* MockURLSessionProtocol.swift */ = {isa = PBXFileReference; lastKnownFileType = sourcecode.swift; path = MockURLSessionProtocol.swift; sourceTree = "<group>"; };
		1E35ACC528DCDB8D005F935A /* NetworkingManagerTests.swift */ = {isa = PBXFileReference; lastKnownFileType = sourcecode.swift; path = NetworkingManagerTests.swift; sourceTree = "<group>"; };
		1E35ACC828DDC51B005F935A /* PeopleViewModelSuccessTests.swift */ = {isa = PBXFileReference; lastKnownFileType = sourcecode.swift; path = PeopleViewModelSuccessTests.swift; sourceTree = "<group>"; };
		1E35ACCA28DDC575005F935A /* NetworkingManagerUserResponseSuccessMock.swift */ = {isa = PBXFileReference; lastKnownFileType = sourcecode.swift; path = NetworkingManagerUserResponseSuccessMock.swift; sourceTree = "<group>"; };
		1E35ACCC28DDCBE5005F935A /* PeopleViewModelFailureTests.swift */ = {isa = PBXFileReference; lastKnownFileType = sourcecode.swift; path = PeopleViewModelFailureTests.swift; sourceTree = "<group>"; };
		1E35ACCE28DDCC0A005F935A /* NetworkingManagerUserResponseFailureMock.swift */ = {isa = PBXFileReference; lastKnownFileType = sourcecode.swift; path = NetworkingManagerUserResponseFailureMock.swift; sourceTree = "<group>"; };
		1E35ACD228DDCEF6005F935A /* NetworkingManagerUserDetailsResponseSuccessMock.swift */ = {isa = PBXFileReference; lastKnownFileType = sourcecode.swift; path = NetworkingManagerUserDetailsResponseSuccessMock.swift; sourceTree = "<group>"; };
		1E35ACD428DDCF53005F935A /* NetworkingManagerUserDetailsResponseFailureMock.swift */ = {isa = PBXFileReference; lastKnownFileType = sourcecode.swift; path = NetworkingManagerUserDetailsResponseFailureMock.swift; sourceTree = "<group>"; };
		1E35ACD728DDCFA8005F935A /* DetailsViewModelSuccessTests.swift */ = {isa = PBXFileReference; lastKnownFileType = sourcecode.swift; path = DetailsViewModelSuccessTests.swift; sourceTree = "<group>"; };
		1E35ACD928DDD287005F935A /* DetailsViewModelFailureTests.swift */ = {isa = PBXFileReference; lastKnownFileType = sourcecode.swift; path = DetailsViewModelFailureTests.swift; sourceTree = "<group>"; };
		1E35ACDC28DDD6A5005F935A /* NetworkingManagerCreateSuccessMock.swift */ = {isa = PBXFileReference; lastKnownFileType = sourcecode.swift; path = NetworkingManagerCreateSuccessMock.swift; sourceTree = "<group>"; };
		1E35ACE028DDD752005F935A /* CreateValidatorSuccessMock.swift */ = {isa = PBXFileReference; lastKnownFileType = sourcecode.swift; path = CreateValidatorSuccessMock.swift; sourceTree = "<group>"; };
		1E35ACE228DDD79E005F935A /* CreateViewModelSuccessTests.swift */ = {isa = PBXFileReference; lastKnownFileType = sourcecode.swift; path = CreateViewModelSuccessTests.swift; sourceTree = "<group>"; };
		1E35ACE428DDD901005F935A /* CreateValidatorFailureMock.swift */ = {isa = PBXFileReference; lastKnownFileType = sourcecode.swift; path = CreateValidatorFailureMock.swift; sourceTree = "<group>"; };
		1E35ACE628DDD943005F935A /* CreateViewModelValidationFailureTests.swift */ = {isa = PBXFileReference; lastKnownFileType = sourcecode.swift; path = CreateViewModelValidationFailureTests.swift; sourceTree = "<group>"; };
		1E35ACE828DDDB40005F935A /* NetworkingManagerCreateFailureMock.swift */ = {isa = PBXFileReference; lastKnownFileType = sourcecode.swift; path = NetworkingManagerCreateFailureMock.swift; sourceTree = "<group>"; };
		1E35ACEA28DDDB6F005F935A /* CreateViewModelFailureTests.swift */ = {isa = PBXFileReference; lastKnownFileType = sourcecode.swift; path = CreateViewModelFailureTests.swift; sourceTree = "<group>"; };
		1E35ACF028DDDE94005F935A /* iOSTakeHomeProjectUITests.xctest */ = {isa = PBXFileReference; explicitFileType = wrapper.cfbundle; includeInIndex = 0; path = iOSTakeHomeProjectUITests.xctest; sourceTree = BUILT_PRODUCTS_DIR; };
		1E35ACFB28DDDF30005F935A /* PeopleScreenUITests.swift */ = {isa = PBXFileReference; lastKnownFileType = sourcecode.swift; path = PeopleScreenUITests.swift; sourceTree = "<group>"; };
		1E35ACFE28DDE10B005F935A /* UITestingHelper.swift */ = {isa = PBXFileReference; lastKnownFileType = sourcecode.swift; path = UITestingHelper.swift; sourceTree = "<group>"; };
		1E4F2C0528E0DB9D009352F8 /* DetailsUITests.swift */ = {isa = PBXFileReference; lastKnownFileType = sourcecode.swift; path = DetailsUITests.swift; sourceTree = "<group>"; };
		1E7C35F028DDEF83009918EB /* PeopleFailureUITests.swift */ = {isa = PBXFileReference; lastKnownFileType = sourcecode.swift; path = PeopleFailureUITests.swift; sourceTree = "<group>"; };
		1EF66E4928E1AFC900158D1E /* DetailsFailureUITests.swift */ = {isa = PBXFileReference; lastKnownFileType = sourcecode.swift; path = DetailsFailureUITests.swift; sourceTree = "<group>"; };
		1EF66E4C28E1B24E00158D1E /* CreateScreenUIValidTests.swift */ = {isa = PBXFileReference; lastKnownFileType = sourcecode.swift; path = CreateScreenUIValidTests.swift; sourceTree = "<group>"; };
		1EF66E4E28E1B48F00158D1E /* CreateScreenFormValidationTests.swift */ = {isa = PBXFileReference; lastKnownFileType = sourcecode.swift; path = CreateScreenFormValidationTests.swift; sourceTree = "<group>"; };
		1EF66E5028E1BA6600158D1E /* CreateFailureUITests.swift */ = {isa = PBXFileReference; lastKnownFileType = sourcecode.swift; path = CreateFailureUITests.swift; sourceTree = "<group>"; };
		1EF66E5228E1BCB600158D1E /* CreateScreenUITests.swift */ = {isa = PBXFileReference; lastKnownFileType = sourcecode.swift; path = CreateScreenUITests.swift; sourceTree = "<group>"; };
/* End PBXFileReference section */

/* Begin PBXFrameworksBuildPhase section */
		1E024EDA28DB12480096C43E /* Frameworks */ = {
			isa = PBXFrameworksBuildPhase;
			buildActionMask = 2147483647;
			files = (
			);
			runOnlyForDeploymentPostprocessing = 0;
		};
		1E35ACAB28DCAAD7005F935A /* Frameworks */ = {
			isa = PBXFrameworksBuildPhase;
			buildActionMask = 2147483647;
			files = (
			);
			runOnlyForDeploymentPostprocessing = 0;
		};
		1E35ACED28DDDE94005F935A /* Frameworks */ = {
			isa = PBXFrameworksBuildPhase;
			buildActionMask = 2147483647;
			files = (
			);
			runOnlyForDeploymentPostprocessing = 0;
		};
/* End PBXFrameworksBuildPhase section */

/* Begin PBXGroup section */
		1E024ED428DB12470096C43E = {
			isa = PBXGroup;
			children = (
				1E024EDF28DB12480096C43E /* iOSTakeHomeProject */,
				1E35ACAF28DCAAD7005F935A /* iOSTakeHomeProjectTests */,
				1E35ACF128DDDE94005F935A /* iOSTakeHomeProjectUITests */,
				1E024EDE28DB12480096C43E /* Products */,
			);
			sourceTree = "<group>";
		};
		1E024EDE28DB12480096C43E /* Products */ = {
			isa = PBXGroup;
			children = (
				1E024EDD28DB12480096C43E /* iOSTakeHomeProject.app */,
				1E35ACAE28DCAAD7005F935A /* iOSTakeHomeProjectTests.xctest */,
				1E35ACF028DDDE94005F935A /* iOSTakeHomeProjectUITests.xctest */,
			);
			name = Products;
			sourceTree = "<group>";
		};
		1E024EDF28DB12480096C43E /* iOSTakeHomeProject */ = {
			isa = PBXGroup;
			children = (
				1E35AD0028DDE339005F935A /* Mocks */,
				1E35ACFD28DDE0FF005F935A /* UITesting */,
				1E024F0328DB18290096C43E /* Info.plist */,
				1E024EF428DB15C30096C43E /* Features */,
				1E024EF328DB15BF0096C43E /* Base */,
				1E024EEE28DB12690096C43E /* Resources */,
				1E024EE028DB12480096C43E /* iOSTakeHomeProjectApp.swift */,
				1E024EE428DB12480096C43E /* Assets.xcassets */,
				1E024EE628DB12480096C43E /* Preview Content */,
			);
			path = iOSTakeHomeProject;
			sourceTree = "<group>";
		};
		1E024EE628DB12480096C43E /* Preview Content */ = {
			isa = PBXGroup;
			children = (
				1E024EE728DB12480096C43E /* Preview Assets.xcassets */,
			);
			path = "Preview Content";
			sourceTree = "<group>";
		};
		1E024EEE28DB12690096C43E /* Resources */ = {
			isa = PBXGroup;
			children = (
				1E024F0428DB32810096C43E /* JSON */,
				1E024EEF28DB12BA0096C43E /* Symbols.swift */,
				1E024EF128DB14480096C43E /* Theme.swift */,
			);
			path = Resources;
			sourceTree = "<group>";
		};
		1E024EF328DB15BF0096C43E /* Base */ = {
			isa = PBXGroup;
			children = (
				1E35ACA528DC7B2C005F935A /* UserDefaults */,
				1E35ACA028DC78D4005F935A /* Haptics */,
				1E024F1E28DB75D00096C43E /* API */,
				1E024F1728DB3F610096C43E /* Views */,
				1E024F1028DB34BB0096C43E /* Mapper */,
				1E024F0D28DB34890096C43E /* Model */,
			);
			path = Base;
			sourceTree = "<group>";
		};
		1E024EF428DB15C30096C43E /* Features */ = {
			isa = PBXGroup;
			children = (
				1E024EF828DB15DA0096C43E /* Settings */,
				1E024EF728DB15D20096C43E /* Detail */,
				1E024EF628DB15CD0096C43E /* Create */,
				1E024EF528DB15C80096C43E /* People */,
			);
			path = Features;
			sourceTree = "<group>";
		};
		1E024EF528DB15C80096C43E /* People */ = {
			isa = PBXGroup;
			children = (
				1E024EFB28DB15F20096C43E /* ViewModels */,
				1E024EFA28DB15EE0096C43E /* Model */,
				1E024EF928DB15EA0096C43E /* Views */,
				1E024F2128DB7C330096C43E /* PeopleViewModel.swift */,
			);
			path = People;
			sourceTree = "<group>";
		};
		1E024EF628DB15CD0096C43E /* Create */ = {
			isa = PBXGroup;
			children = (
				1E35AC9D28DC6D94005F935A /* Validator */,
				1E024EFE28DB162B0096C43E /* ViewModels */,
				1E024EFD28DB16290096C43E /* Model */,
				1E024EFC28DB16260096C43E /* Views */,
			);
			path = Create;
			sourceTree = "<group>";
		};
		1E024EF728DB15D20096C43E /* Detail */ = {
			isa = PBXGroup;
			children = (
				1E024F0128DB16340096C43E /* ViewModels */,
				1E024F0028DB16320096C43E /* Model */,
				1E024EFF28DB162F0096C43E /* Views */,
			);
			path = Detail;
			sourceTree = "<group>";
		};
		1E024EF828DB15DA0096C43E /* Settings */ = {
			isa = PBXGroup;
			children = (
				1E024F0228DB16380096C43E /* Views */,
			);
			path = Settings;
			sourceTree = "<group>";
		};
		1E024EF928DB15EA0096C43E /* Views */ = {
			isa = PBXGroup;
			children = (
				1E024F1328DB38690096C43E /* PeopleView.swift */,
				1E024F1528DB3E9C0096C43E /* PersonItemView.swift */,
			);
			path = Views;
			sourceTree = "<group>";
		};
		1E024EFA28DB15EE0096C43E /* Model */ = {
			isa = PBXGroup;
			children = (
				1E024F0B28DB34160096C43E /* UsersResponse.swift */,
			);
			path = Model;
			sourceTree = "<group>";
		};
		1E024EFB28DB15F20096C43E /* ViewModels */ = {
			isa = PBXGroup;
			children = (
			);
			path = ViewModels;
			sourceTree = "<group>";
		};
		1E024EFC28DB16260096C43E /* Views */ = {
			isa = PBXGroup;
			children = (
				1E024F1C28DB71950096C43E /* CreateView.swift */,
			);
			path = Views;
			sourceTree = "<group>";
		};
		1E024EFD28DB16290096C43E /* Model */ = {
			isa = PBXGroup;
			children = (
				1E024F2528DB85140096C43E /* NewPerson.swift */,
			);
			path = Model;
			sourceTree = "<group>";
		};
		1E024EFE28DB162B0096C43E /* ViewModels */ = {
			isa = PBXGroup;
			children = (
				1E024F2728DB85810096C43E /* CreateViewModel.swift */,
			);
			path = ViewModels;
			sourceTree = "<group>";
		};
		1E024EFF28DB162F0096C43E /* Views */ = {
			isa = PBXGroup;
			children = (
				1E024F1A28DB43A10096C43E /* DetailView.swift */,
			);
			path = Views;
			sourceTree = "<group>";
		};
		1E024F0028DB16320096C43E /* Model */ = {
			isa = PBXGroup;
			children = (
				1E024F0928DB33D20096C43E /* UserDetailResponse.swift */,
			);
			path = Model;
			sourceTree = "<group>";
		};
		1E024F0128DB16340096C43E /* ViewModels */ = {
			isa = PBXGroup;
			children = (
				1E024F2328DB81170096C43E /* DetailViewModel.swift */,
			);
			path = ViewModels;
			sourceTree = "<group>";
		};
		1E024F0228DB16380096C43E /* Views */ = {
			isa = PBXGroup;
			children = (
				1E35ACA328DC7A48005F935A /* SettingsView.swift */,
			);
			path = Views;
			sourceTree = "<group>";
		};
		1E024F0428DB32810096C43E /* JSON */ = {
			isa = PBXGroup;
			children = (
				1E024F0528DB32CA0096C43E /* UsersStaticData.json */,
				1E024F0728DB33050096C43E /* SingleUserData.json */,
			);
			path = JSON;
			sourceTree = "<group>";
		};
		1E024F0D28DB34890096C43E /* Model */ = {
			isa = PBXGroup;
			children = (
				1E024F0E28DB348F0096C43E /* Models.swift */,
			);
			path = Model;
			sourceTree = "<group>";
		};
		1E024F1028DB34BB0096C43E /* Mapper */ = {
			isa = PBXGroup;
			children = (
				1E024F1128DB34CA0096C43E /* StaticJSONMapper.swift */,
			);
			path = Mapper;
			sourceTree = "<group>";
		};
		1E024F1728DB3F610096C43E /* Views */ = {
			isa = PBXGroup;
			children = (
				1E024F1828DB3F700096C43E /* PillView.swift */,
				1E35AC9B28DC6AA0005F935A /* CheckmarkPopoverView.swift */,
			);
			path = Views;
			sourceTree = "<group>";
		};
		1E024F1E28DB75D00096C43E /* API */ = {
			isa = PBXGroup;
			children = (
				1E024F1F28DB75DB0096C43E /* NetworkingManager.swift */,
				1E35ACA828DC7CE9005F935A /* Endpoint.swift */,
			);
			path = API;
			sourceTree = "<group>";
		};
		1E35AC9D28DC6D94005F935A /* Validator */ = {
			isa = PBXGroup;
			children = (
				1E35AC9E28DC6DA0005F935A /* CreateValidator.swift */,
			);
			path = Validator;
			sourceTree = "<group>";
		};
		1E35ACA028DC78D4005F935A /* Haptics */ = {
			isa = PBXGroup;
			children = (
				1E35ACA128DC78DA005F935A /* HapticManager.swift */,
			);
			path = Haptics;
			sourceTree = "<group>";
		};
		1E35ACA528DC7B2C005F935A /* UserDefaults */ = {
			isa = PBXGroup;
			children = (
				1E35ACA628DC7B3B005F935A /* UserDefaultKeys.swift */,
			);
			path = UserDefaults;
			sourceTree = "<group>";
		};
		1E35ACAF28DCAAD7005F935A /* iOSTakeHomeProjectTests */ = {
			isa = PBXGroup;
			children = (
				1E35ACDE28DDD744005F935A /* Create */,
				1E35ACD628DDCF96005F935A /* Details */,
				1E35ACC728DDC4FF005F935A /* People */,
				1E35ACBD28DCD527005F935A /* Networking */,
				1E35ACBA28DCC454005F935A /* Form */,
				1E35ACB728DCAAF6005F935A /* Mapper */,
			);
			path = iOSTakeHomeProjectTests;
			sourceTree = "<group>";
		};
		1E35ACB728DCAAF6005F935A /* Mapper */ = {
			isa = PBXGroup;
			children = (
				1E35ACB828DCAB0C005F935A /* JSONMapperTests.swift */,
			);
			path = Mapper;
			sourceTree = "<group>";
		};
		1E35ACBA28DCC454005F935A /* Form */ = {
			isa = PBXGroup;
			children = (
				1E35ACBB28DCC48D005F935A /* CreateFormValidatorTests.swift */,
			);
			path = Form;
			sourceTree = "<group>";
		};
		1E35ACBD28DCD527005F935A /* Networking */ = {
			isa = PBXGroup;
			children = (
				1E35ACC428DCDB78005F935A /* NetworkingManager */,
				1E35ACBE28DCD532005F935A /* Endpoint */,
			);
			path = Networking;
			sourceTree = "<group>";
		};
		1E35ACBE28DCD532005F935A /* Endpoint */ = {
			isa = PBXGroup;
			children = (
				1E35ACBF28DCD544005F935A /* NetworkingEndpointTest.swift */,
			);
			path = Endpoint;
			sourceTree = "<group>";
		};
		1E35ACC428DCDB78005F935A /* NetworkingManager */ = {
			isa = PBXGroup;
			children = (
				1E35ACC528DCDB8D005F935A /* NetworkingManagerTests.swift */,
			);
			path = NetworkingManager;
			sourceTree = "<group>";
		};
		1E35ACC728DDC4FF005F935A /* People */ = {
			isa = PBXGroup;
			children = (
				1E35ACC828DDC51B005F935A /* PeopleViewModelSuccessTests.swift */,
				1E35ACCC28DDCBE5005F935A /* PeopleViewModelFailureTests.swift */,
			);
			path = People;
			sourceTree = "<group>";
		};
		1E35ACD628DDCF96005F935A /* Details */ = {
			isa = PBXGroup;
			children = (
				1E35ACD728DDCFA8005F935A /* DetailsViewModelSuccessTests.swift */,
				1E35ACD928DDD287005F935A /* DetailsViewModelFailureTests.swift */,
			);
			path = Details;
			sourceTree = "<group>";
		};
		1E35ACDE28DDD744005F935A /* Create */ = {
			isa = PBXGroup;
			children = (
				1E35ACE628DDD943005F935A /* CreateViewModelValidationFailureTests.swift */,
				1E35ACE228DDD79E005F935A /* CreateViewModelSuccessTests.swift */,
				1E35ACEA28DDDB6F005F935A /* CreateViewModelFailureTests.swift */,
			);
			path = Create;
			sourceTree = "<group>";
		};
		1E35ACF128DDDE94005F935A /* iOSTakeHomeProjectUITests */ = {
			isa = PBXGroup;
			children = (
				1EF66E4B28E1B24100158D1E /* Create */,
				1E4F2C0428E0DB74009352F8 /* Details */,
				1E7C35EF28DDEF60009918EB /* People */,
			);
			path = iOSTakeHomeProjectUITests;
			sourceTree = "<group>";
		};
		1E35ACFD28DDE0FF005F935A /* UITesting */ = {
			isa = PBXGroup;
			children = (
				1E35ACFE28DDE10B005F935A /* UITestingHelper.swift */,
			);
			path = UITesting;
			sourceTree = "<group>";
		};
		1E35AD0028DDE339005F935A /* Mocks */ = {
			isa = PBXGroup;
			children = (
				1E35ACC228DCD9FA005F935A /* MockURLSessionProtocol.swift */,
				1E35AD0328DDE368005F935A /* People */,
				1E35AD0228DDE358005F935A /* Details */,
				1E35AD0128DDE33F005F935A /* Create */,
			);
			path = Mocks;
			sourceTree = "<group>";
		};
		1E35AD0128DDE33F005F935A /* Create */ = {
			isa = PBXGroup;
			children = (
				1E35ACE428DDD901005F935A /* CreateValidatorFailureMock.swift */,
				1E35ACE028DDD752005F935A /* CreateValidatorSuccessMock.swift */,
				1E35ACDC28DDD6A5005F935A /* NetworkingManagerCreateSuccessMock.swift */,
				1E35ACE828DDDB40005F935A /* NetworkingManagerCreateFailureMock.swift */,
			);
			path = Create;
			sourceTree = "<group>";
		};
		1E35AD0228DDE358005F935A /* Details */ = {
			isa = PBXGroup;
			children = (
				1E35ACD228DDCEF6005F935A /* NetworkingManagerUserDetailsResponseSuccessMock.swift */,
				1E35ACD428DDCF53005F935A /* NetworkingManagerUserDetailsResponseFailureMock.swift */,
			);
			path = Details;
			sourceTree = "<group>";
		};
		1E35AD0328DDE368005F935A /* People */ = {
			isa = PBXGroup;
			children = (
				1E35ACCA28DDC575005F935A /* NetworkingManagerUserResponseSuccessMock.swift */,
				1E35ACCE28DDCC0A005F935A /* NetworkingManagerUserResponseFailureMock.swift */,
			);
			path = People;
			sourceTree = "<group>";
		};
		1E4F2C0428E0DB74009352F8 /* Details */ = {
			isa = PBXGroup;
			children = (
				1E4F2C0528E0DB9D009352F8 /* DetailsUITests.swift */,
				1EF66E4928E1AFC900158D1E /* DetailsFailureUITests.swift */,
			);
			path = Details;
			sourceTree = "<group>";
		};
		1E7C35EF28DDEF60009918EB /* People */ = {
			isa = PBXGroup;
			children = (
				1E35ACFB28DDDF30005F935A /* PeopleScreenUITests.swift */,
				1E7C35F028DDEF83009918EB /* PeopleFailureUITests.swift */,
			);
			path = People;
			sourceTree = "<group>";
		};
		1EF66E4B28E1B24100158D1E /* Create */ = {
			isa = PBXGroup;
			children = (
				1EF66E4C28E1B24E00158D1E /* CreateScreenUIValidTests.swift */,
				1EF66E4E28E1B48F00158D1E /* CreateScreenFormValidationTests.swift */,
				1EF66E5028E1BA6600158D1E /* CreateFailureUITests.swift */,
				1EF66E5228E1BCB600158D1E /* CreateScreenUITests.swift */,
			);
			path = Create;
			sourceTree = "<group>";
		};
/* End PBXGroup section */

/* Begin PBXNativeTarget section */
		1E024EDC28DB12480096C43E /* iOSTakeHomeProject */ = {
			isa = PBXNativeTarget;
			buildConfigurationList = 1E024EEB28DB12480096C43E /* Build configuration list for PBXNativeTarget "iOSTakeHomeProject" */;
			buildPhases = (
				1E024ED928DB12480096C43E /* Sources */,
				1E024EDA28DB12480096C43E /* Frameworks */,
				1E024EDB28DB12480096C43E /* Resources */,
			);
			buildRules = (
			);
			dependencies = (
			);
			name = iOSTakeHomeProject;
			productName = iOSTakeHomeProject;
			productReference = 1E024EDD28DB12480096C43E /* iOSTakeHomeProject.app */;
			productType = "com.apple.product-type.application";
		};
		1E35ACAD28DCAAD7005F935A /* iOSTakeHomeProjectTests */ = {
			isa = PBXNativeTarget;
			buildConfigurationList = 1E35ACB428DCAAD7005F935A /* Build configuration list for PBXNativeTarget "iOSTakeHomeProjectTests" */;
			buildPhases = (
				1E35ACAA28DCAAD7005F935A /* Sources */,
				1E35ACAB28DCAAD7005F935A /* Frameworks */,
				1E35ACAC28DCAAD7005F935A /* Resources */,
			);
			buildRules = (
			);
			dependencies = (
				1E35ACB328DCAAD7005F935A /* PBXTargetDependency */,
			);
			name = iOSTakeHomeProjectTests;
			productName = iOSTakeHomeProjectTests;
			productReference = 1E35ACAE28DCAAD7005F935A /* iOSTakeHomeProjectTests.xctest */;
			productType = "com.apple.product-type.bundle.unit-test";
		};
		1E35ACEF28DDDE94005F935A /* iOSTakeHomeProjectUITests */ = {
			isa = PBXNativeTarget;
			buildConfigurationList = 1E35ACF828DDDE94005F935A /* Build configuration list for PBXNativeTarget "iOSTakeHomeProjectUITests" */;
			buildPhases = (
				1E35ACEC28DDDE94005F935A /* Sources */,
				1E35ACED28DDDE94005F935A /* Frameworks */,
				1E35ACEE28DDDE94005F935A /* Resources */,
			);
			buildRules = (
			);
			dependencies = (
				1E35ACF728DDDE94005F935A /* PBXTargetDependency */,
			);
			name = iOSTakeHomeProjectUITests;
			productName = iOSTakeHomeProjectUITests;
			productReference = 1E35ACF028DDDE94005F935A /* iOSTakeHomeProjectUITests.xctest */;
			productType = "com.apple.product-type.bundle.ui-testing";
		};
/* End PBXNativeTarget section */

/* Begin PBXProject section */
		1E024ED528DB12470096C43E /* Project object */ = {
			isa = PBXProject;
			attributes = {
				BuildIndependentTargetsInParallel = 1;
				LastSwiftUpdateCheck = 1400;
				LastUpgradeCheck = 1400;
				TargetAttributes = {
					1E024EDC28DB12480096C43E = {
						CreatedOnToolsVersion = 14.0;
					};
					1E35ACAD28DCAAD7005F935A = {
						CreatedOnToolsVersion = 14.0;
						TestTargetID = 1E024EDC28DB12480096C43E;
					};
					1E35ACEF28DDDE94005F935A = {
						CreatedOnToolsVersion = 14.0;
						LastSwiftMigration = 1400;
						TestTargetID = 1E024EDC28DB12480096C43E;
					};
				};
			};
			buildConfigurationList = 1E024ED828DB12470096C43E /* Build configuration list for PBXProject "iOSTakeHomeProject" */;
			compatibilityVersion = "Xcode 14.0";
			developmentRegion = en;
			hasScannedForEncodings = 0;
			knownRegions = (
				en,
				Base,
			);
			mainGroup = 1E024ED428DB12470096C43E;
			productRefGroup = 1E024EDE28DB12480096C43E /* Products */;
			projectDirPath = "";
			projectRoot = "";
			targets = (
				1E024EDC28DB12480096C43E /* iOSTakeHomeProject */,
				1E35ACAD28DCAAD7005F935A /* iOSTakeHomeProjectTests */,
				1E35ACEF28DDDE94005F935A /* iOSTakeHomeProjectUITests */,
			);
		};
/* End PBXProject section */

/* Begin PBXResourcesBuildPhase section */
		1E024EDB28DB12480096C43E /* Resources */ = {
			isa = PBXResourcesBuildPhase;
			buildActionMask = 2147483647;
			files = (
				1E024EE828DB12480096C43E /* Preview Assets.xcassets in Resources */,
				1E024EE528DB12480096C43E /* Assets.xcassets in Resources */,
				1E024F0828DB33050096C43E /* SingleUserData.json in Resources */,
				1E024F0628DB32CA0096C43E /* UsersStaticData.json in Resources */,
			);
			runOnlyForDeploymentPostprocessing = 0;
		};
		1E35ACAC28DCAAD7005F935A /* Resources */ = {
			isa = PBXResourcesBuildPhase;
			buildActionMask = 2147483647;
			files = (
			);
			runOnlyForDeploymentPostprocessing = 0;
		};
		1E35ACEE28DDDE94005F935A /* Resources */ = {
			isa = PBXResourcesBuildPhase;
			buildActionMask = 2147483647;
			files = (
			);
			runOnlyForDeploymentPostprocessing = 0;
		};
/* End PBXResourcesBuildPhase section */

/* Begin PBXSourcesBuildPhase section */
		1E024ED928DB12480096C43E /* Sources */ = {
			isa = PBXSourcesBuildPhase;
			buildActionMask = 2147483647;
			files = (
				1E35AD0928DDE58A005F935A /* CreateValidatorFailureMock.swift in Sources */,
				1E35ACA428DC7A48005F935A /* SettingsView.swift in Sources */,
				1E35AD0828DDE584005F935A /* NetworkingManagerUserDetailsResponseFailureMock.swift in Sources */,
				1E35AC9C28DC6AA0005F935A /* CheckmarkPopoverView.swift in Sources */,
				1E35AD0A28DDE58F005F935A /* CreateValidatorSuccessMock.swift in Sources */,
				1E024F1228DB34CA0096C43E /* StaticJSONMapper.swift in Sources */,
				1E024F1928DB3F700096C43E /* PillView.swift in Sources */,
				1E35AD0628DDE574005F935A /* NetworkingManagerUserResponseFailureMock.swift in Sources */,
				1E35ACFF28DDE10B005F935A /* UITestingHelper.swift in Sources */,
				1E024EF028DB12BA0096C43E /* Symbols.swift in Sources */,
				1E024F2828DB85810096C43E /* CreateViewModel.swift in Sources */,
				1E024F1428DB38690096C43E /* PeopleView.swift in Sources */,
				1E35ACA228DC78DA005F935A /* HapticManager.swift in Sources */,
				1E024EF228DB14480096C43E /* Theme.swift in Sources */,
				1E024F1B28DB43A10096C43E /* DetailView.swift in Sources */,
				1E024F0A28DB33D20096C43E /* UserDetailResponse.swift in Sources */,
				1E024EE128DB12480096C43E /* iOSTakeHomeProjectApp.swift in Sources */,
				1E024F2028DB75DB0096C43E /* NetworkingManager.swift in Sources */,
				1E024F0C28DB34160096C43E /* UsersResponse.swift in Sources */,
				1E35ACA728DC7B3B005F935A /* UserDefaultKeys.swift in Sources */,
				1E35AD0428DDE4E1005F935A /* MockURLSessionProtocol.swift in Sources */,
				1E35AD0728DDE57F005F935A /* NetworkingManagerUserDetailsResponseSuccessMock.swift in Sources */,
				1E35AD0C28DDE59A005F935A /* NetworkingManagerCreateFailureMock.swift in Sources */,
				1E024F1628DB3E9C0096C43E /* PersonItemView.swift in Sources */,
				1E024F2628DB85140096C43E /* NewPerson.swift in Sources */,
				1E35AD0528DDE570005F935A /* NetworkingManagerUserResponseSuccessMock.swift in Sources */,
				1E35ACA928DC7CE9005F935A /* Endpoint.swift in Sources */,
				1E024F2228DB7C330096C43E /* PeopleViewModel.swift in Sources */,
				1E024F1D28DB71950096C43E /* CreateView.swift in Sources */,
				1E35AC9F28DC6DA0005F935A /* CreateValidator.swift in Sources */,
				1E35AD0B28DDE594005F935A /* NetworkingManagerCreateSuccessMock.swift in Sources */,
				1E024F2428DB81170096C43E /* DetailViewModel.swift in Sources */,
				1E024F0F28DB348F0096C43E /* Models.swift in Sources */,
			);
			runOnlyForDeploymentPostprocessing = 0;
		};
		1E35ACAA28DCAAD7005F935A /* Sources */ = {
			isa = PBXSourcesBuildPhase;
			buildActionMask = 2147483647;
			files = (
				1E35ACCD28DDCBE5005F935A /* PeopleViewModelFailureTests.swift in Sources */,
				1E35ACC628DCDB8D005F935A /* NetworkingManagerTests.swift in Sources */,
				1E35ACDA28DDD287005F935A /* DetailsViewModelFailureTests.swift in Sources */,
				1E35ACBC28DCC48D005F935A /* CreateFormValidatorTests.swift in Sources */,
				1E35ACE328DDD79E005F935A /* CreateViewModelSuccessTests.swift in Sources */,
				1E35ACB928DCAB0C005F935A /* JSONMapperTests.swift in Sources */,
				1E35ACD828DDCFA8005F935A /* DetailsViewModelSuccessTests.swift in Sources */,
				1E35ACC928DDC51B005F935A /* PeopleViewModelSuccessTests.swift in Sources */,
				1E35ACEB28DDDB6F005F935A /* CreateViewModelFailureTests.swift in Sources */,
				1E35ACE728DDD943005F935A /* CreateViewModelValidationFailureTests.swift in Sources */,
				1E35ACC028DCD544005F935A /* NetworkingEndpointTest.swift in Sources */,
			);
			runOnlyForDeploymentPostprocessing = 0;
		};
		1E35ACEC28DDDE94005F935A /* Sources */ = {
			isa = PBXSourcesBuildPhase;
			buildActionMask = 2147483647;
			files = (
				1EF66E4D28E1B24E00158D1E /* CreateScreenUIValidTests.swift in Sources */,
				1EF66E5328E1BCB600158D1E /* CreateScreenUITests.swift in Sources */,
				1E35ACFC28DDDF30005F935A /* PeopleScreenUITests.swift in Sources */,
				1EF66E4F28E1B48F00158D1E /* CreateScreenFormValidationTests.swift in Sources */,
				1EF66E4A28E1AFC900158D1E /* DetailsFailureUITests.swift in Sources */,
				1E4F2C0628E0DB9D009352F8 /* DetailsUITests.swift in Sources */,
				1EF66E5128E1BA6600158D1E /* CreateFailureUITests.swift in Sources */,
				1E7C35F128DDEF83009918EB /* PeopleFailureUITests.swift in Sources */,
			);
			runOnlyForDeploymentPostprocessing = 0;
		};
/* End PBXSourcesBuildPhase section */

/* Begin PBXTargetDependency section */
		1E35ACB328DCAAD7005F935A /* PBXTargetDependency */ = {
			isa = PBXTargetDependency;
			target = 1E024EDC28DB12480096C43E /* iOSTakeHomeProject */;
			targetProxy = 1E35ACB228DCAAD7005F935A /* PBXContainerItemProxy */;
		};
		1E35ACF728DDDE94005F935A /* PBXTargetDependency */ = {
			isa = PBXTargetDependency;
			target = 1E024EDC28DB12480096C43E /* iOSTakeHomeProject */;
			targetProxy = 1E35ACF628DDDE94005F935A /* PBXContainerItemProxy */;
		};
/* End PBXTargetDependency section */

/* Begin XCBuildConfiguration section */
		1E024EE928DB12480096C43E /* Debug */ = {
			isa = XCBuildConfiguration;
			buildSettings = {
				ALWAYS_SEARCH_USER_PATHS = NO;
				CLANG_ANALYZER_NONNULL = YES;
				CLANG_ANALYZER_NUMBER_OBJECT_CONVERSION = YES_AGGRESSIVE;
				CLANG_CXX_LANGUAGE_STANDARD = "gnu++20";
				CLANG_ENABLE_MODULES = YES;
				CLANG_ENABLE_OBJC_ARC = YES;
				CLANG_ENABLE_OBJC_WEAK = YES;
				CLANG_WARN_BLOCK_CAPTURE_AUTORELEASING = YES;
				CLANG_WARN_BOOL_CONVERSION = YES;
				CLANG_WARN_COMMA = YES;
				CLANG_WARN_CONSTANT_CONVERSION = YES;
				CLANG_WARN_DEPRECATED_OBJC_IMPLEMENTATIONS = YES;
				CLANG_WARN_DIRECT_OBJC_ISA_USAGE = YES_ERROR;
				CLANG_WARN_DOCUMENTATION_COMMENTS = YES;
				CLANG_WARN_EMPTY_BODY = YES;
				CLANG_WARN_ENUM_CONVERSION = YES;
				CLANG_WARN_INFINITE_RECURSION = YES;
				CLANG_WARN_INT_CONVERSION = YES;
				CLANG_WARN_NON_LITERAL_NULL_CONVERSION = YES;
				CLANG_WARN_OBJC_IMPLICIT_RETAIN_SELF = YES;
				CLANG_WARN_OBJC_LITERAL_CONVERSION = YES;
				CLANG_WARN_OBJC_ROOT_CLASS = YES_ERROR;
				CLANG_WARN_QUOTED_INCLUDE_IN_FRAMEWORK_HEADER = YES;
				CLANG_WARN_RANGE_LOOP_ANALYSIS = YES;
				CLANG_WARN_STRICT_PROTOTYPES = YES;
				CLANG_WARN_SUSPICIOUS_MOVE = YES;
				CLANG_WARN_UNGUARDED_AVAILABILITY = YES_AGGRESSIVE;
				CLANG_WARN_UNREACHABLE_CODE = YES;
				CLANG_WARN__DUPLICATE_METHOD_MATCH = YES;
				COPY_PHASE_STRIP = NO;
				DEBUG_INFORMATION_FORMAT = dwarf;
				ENABLE_STRICT_OBJC_MSGSEND = YES;
				ENABLE_TESTABILITY = YES;
				GCC_C_LANGUAGE_STANDARD = gnu11;
				GCC_DYNAMIC_NO_PIC = NO;
				GCC_NO_COMMON_BLOCKS = YES;
				GCC_OPTIMIZATION_LEVEL = 0;
				GCC_PREPROCESSOR_DEFINITIONS = (
					"DEBUG=1",
					"$(inherited)",
				);
				GCC_WARN_64_TO_32_BIT_CONVERSION = YES;
				GCC_WARN_ABOUT_RETURN_TYPE = YES_ERROR;
				GCC_WARN_UNDECLARED_SELECTOR = YES;
				GCC_WARN_UNINITIALIZED_AUTOS = YES_AGGRESSIVE;
				GCC_WARN_UNUSED_FUNCTION = YES;
				GCC_WARN_UNUSED_VARIABLE = YES;
				IPHONEOS_DEPLOYMENT_TARGET = 16.0;
				MTL_ENABLE_DEBUG_INFO = INCLUDE_SOURCE;
				MTL_FAST_MATH = YES;
				ONLY_ACTIVE_ARCH = YES;
				SDKROOT = iphoneos;
				SWIFT_ACTIVE_COMPILATION_CONDITIONS = DEBUG;
				SWIFT_OPTIMIZATION_LEVEL = "-Onone";
			};
			name = Debug;
		};
		1E024EEA28DB12480096C43E /* Release */ = {
			isa = XCBuildConfiguration;
			buildSettings = {
				ALWAYS_SEARCH_USER_PATHS = NO;
				CLANG_ANALYZER_NONNULL = YES;
				CLANG_ANALYZER_NUMBER_OBJECT_CONVERSION = YES_AGGRESSIVE;
				CLANG_CXX_LANGUAGE_STANDARD = "gnu++20";
				CLANG_ENABLE_MODULES = YES;
				CLANG_ENABLE_OBJC_ARC = YES;
				CLANG_ENABLE_OBJC_WEAK = YES;
				CLANG_WARN_BLOCK_CAPTURE_AUTORELEASING = YES;
				CLANG_WARN_BOOL_CONVERSION = YES;
				CLANG_WARN_COMMA = YES;
				CLANG_WARN_CONSTANT_CONVERSION = YES;
				CLANG_WARN_DEPRECATED_OBJC_IMPLEMENTATIONS = YES;
				CLANG_WARN_DIRECT_OBJC_ISA_USAGE = YES_ERROR;
				CLANG_WARN_DOCUMENTATION_COMMENTS = YES;
				CLANG_WARN_EMPTY_BODY = YES;
				CLANG_WARN_ENUM_CONVERSION = YES;
				CLANG_WARN_INFINITE_RECURSION = YES;
				CLANG_WARN_INT_CONVERSION = YES;
				CLANG_WARN_NON_LITERAL_NULL_CONVERSION = YES;
				CLANG_WARN_OBJC_IMPLICIT_RETAIN_SELF = YES;
				CLANG_WARN_OBJC_LITERAL_CONVERSION = YES;
				CLANG_WARN_OBJC_ROOT_CLASS = YES_ERROR;
				CLANG_WARN_QUOTED_INCLUDE_IN_FRAMEWORK_HEADER = YES;
				CLANG_WARN_RANGE_LOOP_ANALYSIS = YES;
				CLANG_WARN_STRICT_PROTOTYPES = YES;
				CLANG_WARN_SUSPICIOUS_MOVE = YES;
				CLANG_WARN_UNGUARDED_AVAILABILITY = YES_AGGRESSIVE;
				CLANG_WARN_UNREACHABLE_CODE = YES;
				CLANG_WARN__DUPLICATE_METHOD_MATCH = YES;
				COPY_PHASE_STRIP = NO;
				DEBUG_INFORMATION_FORMAT = "dwarf-with-dsym";
				ENABLE_NS_ASSERTIONS = NO;
				ENABLE_STRICT_OBJC_MSGSEND = YES;
				GCC_C_LANGUAGE_STANDARD = gnu11;
				GCC_NO_COMMON_BLOCKS = YES;
				GCC_WARN_64_TO_32_BIT_CONVERSION = YES;
				GCC_WARN_ABOUT_RETURN_TYPE = YES_ERROR;
				GCC_WARN_UNDECLARED_SELECTOR = YES;
				GCC_WARN_UNINITIALIZED_AUTOS = YES_AGGRESSIVE;
				GCC_WARN_UNUSED_FUNCTION = YES;
				GCC_WARN_UNUSED_VARIABLE = YES;
				IPHONEOS_DEPLOYMENT_TARGET = 16.0;
				MTL_ENABLE_DEBUG_INFO = NO;
				MTL_FAST_MATH = YES;
				SDKROOT = iphoneos;
				SWIFT_COMPILATION_MODE = wholemodule;
				SWIFT_OPTIMIZATION_LEVEL = "-O";
				VALIDATE_PRODUCT = YES;
			};
			name = Release;
		};
		1E024EEC28DB12480096C43E /* Debug */ = {
			isa = XCBuildConfiguration;
			buildSettings = {
				ASSETCATALOG_COMPILER_APPICON_NAME = AppIcon;
				ASSETCATALOG_COMPILER_GLOBAL_ACCENT_COLOR_NAME = AccentColor;
				CODE_SIGN_STYLE = Automatic;
				CURRENT_PROJECT_VERSION = 1;
				DEVELOPMENT_ASSET_PATHS = "\"iOSTakeHomeProject/Preview Content\"";
				ENABLE_PREVIEWS = YES;
				GENERATE_INFOPLIST_FILE = YES;
				INFOPLIST_FILE = iOSTakeHomeProject/Info.plist;
				INFOPLIST_KEY_UIApplicationSceneManifest_Generation = YES;
				INFOPLIST_KEY_UIApplicationSupportsIndirectInputEvents = YES;
				INFOPLIST_KEY_UISupportedInterfaceOrientations_iPad = "UIInterfaceOrientationPortrait UIInterfaceOrientationPortraitUpsideDown UIInterfaceOrientationLandscapeLeft UIInterfaceOrientationLandscapeRight";
				INFOPLIST_KEY_UISupportedInterfaceOrientations_iPhone = "UIInterfaceOrientationPortrait UIInterfaceOrientationLandscapeLeft UIInterfaceOrientationLandscapeRight";
				LD_RUNPATH_SEARCH_PATHS = (
					"$(inherited)",
					"@executable_path/Frameworks",
				);
				MARKETING_VERSION = 1.0;
				PRODUCT_BUNDLE_IDENTIFIER = com.ogrodowskitomasz.iOSTakeHomeProject;
				PRODUCT_NAME = "$(TARGET_NAME)";
				SWIFT_EMIT_LOC_STRINGS = YES;
				SWIFT_VERSION = 5.0;
				TARGETED_DEVICE_FAMILY = "1,2";
			};
			name = Debug;
		};
		1E024EED28DB12480096C43E /* Release */ = {
			isa = XCBuildConfiguration;
			buildSettings = {
				ASSETCATALOG_COMPILER_APPICON_NAME = AppIcon;
				ASSETCATALOG_COMPILER_GLOBAL_ACCENT_COLOR_NAME = AccentColor;
				CODE_SIGN_STYLE = Automatic;
				CURRENT_PROJECT_VERSION = 1;
				DEVELOPMENT_ASSET_PATHS = "\"iOSTakeHomeProject/Preview Content\"";
				ENABLE_PREVIEWS = YES;
				GENERATE_INFOPLIST_FILE = YES;
				INFOPLIST_FILE = iOSTakeHomeProject/Info.plist;
				INFOPLIST_KEY_UIApplicationSceneManifest_Generation = YES;
				INFOPLIST_KEY_UIApplicationSupportsIndirectInputEvents = YES;
				INFOPLIST_KEY_UISupportedInterfaceOrientations_iPad = "UIInterfaceOrientationPortrait UIInterfaceOrientationPortraitUpsideDown UIInterfaceOrientationLandscapeLeft UIInterfaceOrientationLandscapeRight";
				INFOPLIST_KEY_UISupportedInterfaceOrientations_iPhone = "UIInterfaceOrientationPortrait UIInterfaceOrientationLandscapeLeft UIInterfaceOrientationLandscapeRight";
				LD_RUNPATH_SEARCH_PATHS = (
					"$(inherited)",
					"@executable_path/Frameworks",
				);
				MARKETING_VERSION = 1.0;
				PRODUCT_BUNDLE_IDENTIFIER = com.ogrodowskitomasz.iOSTakeHomeProject;
				PRODUCT_NAME = "$(TARGET_NAME)";
				SWIFT_EMIT_LOC_STRINGS = YES;
				SWIFT_VERSION = 5.0;
				TARGETED_DEVICE_FAMILY = "1,2";
			};
			name = Release;
		};
		1E35ACB528DCAAD7005F935A /* Debug */ = {
			isa = XCBuildConfiguration;
			buildSettings = {
				BUNDLE_LOADER = "$(TEST_HOST)";
				CODE_SIGN_STYLE = Automatic;
				CURRENT_PROJECT_VERSION = 1;
				GENERATE_INFOPLIST_FILE = YES;
				MARKETING_VERSION = 1.0;
				PRODUCT_BUNDLE_IDENTIFIER = com.ogrodowskitomasz.iOSTakeHomeProjectTests;
				PRODUCT_NAME = "$(TARGET_NAME)";
				SWIFT_EMIT_LOC_STRINGS = NO;
				SWIFT_VERSION = 5.0;
				TARGETED_DEVICE_FAMILY = "1,2";
				TEST_HOST = "$(BUILT_PRODUCTS_DIR)/iOSTakeHomeProject.app/$(BUNDLE_EXECUTABLE_FOLDER_PATH)/iOSTakeHomeProject";
			};
			name = Debug;
		};
		1E35ACB628DCAAD7005F935A /* Release */ = {
			isa = XCBuildConfiguration;
			buildSettings = {
				BUNDLE_LOADER = "$(TEST_HOST)";
				CODE_SIGN_STYLE = Automatic;
				CURRENT_PROJECT_VERSION = 1;
				GENERATE_INFOPLIST_FILE = YES;
				MARKETING_VERSION = 1.0;
				PRODUCT_BUNDLE_IDENTIFIER = com.ogrodowskitomasz.iOSTakeHomeProjectTests;
				PRODUCT_NAME = "$(TARGET_NAME)";
				SWIFT_EMIT_LOC_STRINGS = NO;
				SWIFT_VERSION = 5.0;
				TARGETED_DEVICE_FAMILY = "1,2";
				TEST_HOST = "$(BUILT_PRODUCTS_DIR)/iOSTakeHomeProject.app/$(BUNDLE_EXECUTABLE_FOLDER_PATH)/iOSTakeHomeProject";
			};
			name = Release;
		};
		1E35ACF928DDDE94005F935A /* Debug */ = {
			isa = XCBuildConfiguration;
			buildSettings = {
				CLANG_ENABLE_MODULES = YES;
				CODE_SIGN_STYLE = Automatic;
				CURRENT_PROJECT_VERSION = 1;
				GENERATE_INFOPLIST_FILE = YES;
				LD_RUNPATH_SEARCH_PATHS = (
					"$(inherited)",
					"@executable_path/Frameworks",
					"@loader_path/Frameworks",
				);
				MARKETING_VERSION = 1.0;
				PRODUCT_BUNDLE_IDENTIFIER = com.ogrodowskitomasz.iOSTakeHomeProjectUITests;
				PRODUCT_NAME = "$(TARGET_NAME)";
				SWIFT_EMIT_LOC_STRINGS = NO;
				SWIFT_OPTIMIZATION_LEVEL = "-Onone";
				SWIFT_VERSION = 5.0;
				TARGETED_DEVICE_FAMILY = "1,2";
				TEST_TARGET_NAME = iOSTakeHomeProject;
			};
			name = Debug;
		};
		1E35ACFA28DDDE94005F935A /* Release */ = {
			isa = XCBuildConfiguration;
			buildSettings = {
				CLANG_ENABLE_MODULES = YES;
				CODE_SIGN_STYLE = Automatic;
				CURRENT_PROJECT_VERSION = 1;
				GENERATE_INFOPLIST_FILE = YES;
				LD_RUNPATH_SEARCH_PATHS = (
					"$(inherited)",
					"@executable_path/Frameworks",
					"@loader_path/Frameworks",
				);
				MARKETING_VERSION = 1.0;
				PRODUCT_BUNDLE_IDENTIFIER = com.ogrodowskitomasz.iOSTakeHomeProjectUITests;
				PRODUCT_NAME = "$(TARGET_NAME)";
				SWIFT_EMIT_LOC_STRINGS = NO;
				SWIFT_VERSION = 5.0;
				TARGETED_DEVICE_FAMILY = "1,2";
				TEST_TARGET_NAME = iOSTakeHomeProject;
			};
			name = Release;
		};
/* End XCBuildConfiguration section */

/* Begin XCConfigurationList section */
		1E024ED828DB12470096C43E /* Build configuration list for PBXProject "iOSTakeHomeProject" */ = {
			isa = XCConfigurationList;
			buildConfigurations = (
				1E024EE928DB12480096C43E /* Debug */,
				1E024EEA28DB12480096C43E /* Release */,
			);
			defaultConfigurationIsVisible = 0;
			defaultConfigurationName = Release;
		};
		1E024EEB28DB12480096C43E /* Build configuration list for PBXNativeTarget "iOSTakeHomeProject" */ = {
			isa = XCConfigurationList;
			buildConfigurations = (
				1E024EEC28DB12480096C43E /* Debug */,
				1E024EED28DB12480096C43E /* Release */,
			);
			defaultConfigurationIsVisible = 0;
			defaultConfigurationName = Release;
		};
		1E35ACB428DCAAD7005F935A /* Build configuration list for PBXNativeTarget "iOSTakeHomeProjectTests" */ = {
			isa = XCConfigurationList;
			buildConfigurations = (
				1E35ACB528DCAAD7005F935A /* Debug */,
				1E35ACB628DCAAD7005F935A /* Release */,
			);
			defaultConfigurationIsVisible = 0;
			defaultConfigurationName = Release;
		};
		1E35ACF828DDDE94005F935A /* Build configuration list for PBXNativeTarget "iOSTakeHomeProjectUITests" */ = {
			isa = XCConfigurationList;
			buildConfigurations = (
				1E35ACF928DDDE94005F935A /* Debug */,
				1E35ACFA28DDDE94005F935A /* Release */,
			);
			defaultConfigurationIsVisible = 0;
			defaultConfigurationName = Release;
		};
/* End XCConfigurationList section */
	};
	rootObject = 1E024ED528DB12470096C43E /* Project object */;
}
